PODS:
  - Alamofire (5.10.2)
  - Kingfisher (6.3.1)
  - MBProgressHUD (1.2.0)
  - Realm (10.49.2):
    - Realm/Headers (= 10.49.2)
  - Realm/Headers (10.49.2)
  - RealmSwift (10.49.2):
    - Realm (= 10.49.2)
  - SVPullToRefresh (0.4.1)
  - SwiftyJSON (5.0.1)

DEPENDENCIES:
  - Alamofire
  - Kingfisher
  - MBProgressHUD
  - RealmSwift
  - SVPullToRefresh
  - SwiftyJSON

SPEC REPOS:
  trunk:
    - Alamofire
    - Kingfisher
    - MBProgressHUD
    - Realm
    - RealmSwift
    - SVPullToRefresh
    - SwiftyJSON

SPEC CHECKSUMS:
  Alamofire: 7193b3b92c74a07f85569e1a6c4f4237291e7496
  Kingfisher: 016c8b653a35add51dd34a3aba36b580041acc74
  MBProgressHUD: 3ee5efcc380f6a79a7cc9b363dd669c5e1ae7406
  Realm: c1a96376972e5f6c26276a0cd6dee15eeefaf53c
  RealmSwift: db6ea9e15607653352baa42321bd9586850b7f04
  SVPullToRefresh: ba2e718695a43253d8bea6852d2960097dc15d8c
  SwiftyJSON: 2f33a42c6fbc52764d96f13368585094bfd8aa5e

PODFILE CHECKSUM: 819db29d95623c4d6a9d0e732e6f5bfcf3a28ff2

COCOAPODS: 1.15.2
